
Microsoft Visual Studio Solution File, Format Version 11.00
# Visual Studio 2010
Project("{FAE04EC0-301F-11D3-BF4B-00C04F79EFBC}") = "Assembly-CSharp", "Assembly-CSharp.csproj", "{0a993638-899b-1dd0-7e11-8cf53eeaea8b}"
EndProject
Project("{FAE04EC0-301F-11D3-BF4B-00C04F79EFBC}") = "Assembly-CSharp-Editor-firstpass", "Assembly-CSharp-Editor-firstpass.csproj", "{6217a98e-e36a-06a2-ab37-ab6449324fd6}"
EndProject
Global
	GlobalSection(SolutionConfigurationPlatforms) = preSolution
		Debug|Any CPU = Debug|Any CPU
	EndGlobalSection
	GlobalSection(ProjectConfigurationPlatforms) = postSolution
		{0a993638-899b-1dd0-7e11-8cf53eeaea8b}.Debug|Any CPU.ActiveCfg = Debug|Any CPU
		{0a993638-899b-1dd0-7e11-8cf53eeaea8b}.Debug|Any CPU.Build.0 = Debug|Any CPU
		{6217a98e-e36a-06a2-ab37-ab6449324fd6}.Debug|Any CPU.ActiveCfg = Debug|Any CPU
		{6217a98e-e36a-06a2-ab37-ab6449324fd6}.Debug|Any CPU.Build.0 = Debug|Any CPU
	EndGlobalSection
	GlobalSection(SolutionProperties) = preSolution
		HideSolutionNode = FALSE
	EndGlobalSection
EndGlobal
